
Microsoft Visual Studio Solution File, Format Version 12.00
# Visual Studio Version 17
VisualStudioVersion = 17.1.32328.378
MinimumVisualStudioVersion = 10.0.40219.1
Project("{9A19103F-16F7-4668-BE54-9A1E7A4F7556}") = "DAL", "DAL\DAL.csproj", "{9D12BF86-4A05-49D4-8E10-93B30CC0A74D}"
EndProject
Project("{9A19103F-16F7-4668-BE54-9A1E7A4F7556}") = "WebApplication2", "WebApplication2\WebApplication2.csproj", "{635AFAB6-D5E9-455B-B327-BEE3B7FD25D4}"
EndProject
Project("{FAE04EC0-301F-11D3-BF4B-00C04F79EFBC}") = "BLL", "BLL\BLL.csproj", "{7E761CE6-F32C-4407-A036-393C1640E180}"
	ProjectSection(ProjectDependencies) = postProject
		{9D12BF86-4A05-49D4-8E10-93B30CC0A74D} = {9D12BF86-4A05-49D4-8E10-93B30CC0A74D}
	EndProjectSection
EndProject
Global
	GlobalSection(SolutionConfigurationPlatforms) = preSolution
		Debug|Any CPU = Debug|Any CPU
		Release|Any CPU = Release|Any CPU
	EndGlobalSection
	GlobalSection(ProjectConfigurationPlatforms) = postSolution
		{9D12BF86-4A05-49D4-8E10-93B30CC0A74D}.Debug|Any CPU.ActiveCfg = Debug|Any CPU
		{9D12BF86-4A05-49D4-8E10-93B30CC0A74D}.Debug|Any CPU.Build.0 = Debug|Any CPU
		{9D12BF86-4A05-49D4-8E10-93B30CC0A74D}.Release|Any CPU.ActiveCfg = Release|Any CPU
		{9D12BF86-4A05-49D4-8E10-93B30CC0A74D}.Release|Any CPU.Build.0 = Release|Any CPU
		{635AFAB6-D5E9-455B-B327-BEE3B7FD25D4}.Debug|Any CPU.ActiveCfg = Debug|Any CPU
		{635AFAB6-D5E9-455B-B327-BEE3B7FD25D4}.Debug|Any CPU.Build.0 = Debug|Any CPU
		{635AFAB6-D5E9-455B-B327-BEE3B7FD25D4}.Release|Any CPU.ActiveCfg = Release|Any CPU
		{635AFAB6-D5E9-455B-B327-BEE3B7FD25D4}.Release|Any CPU.Build.0 = Release|Any CPU
		{7E761CE6-F32C-4407-A036-393C1640E180}.Debug|Any CPU.ActiveCfg = Debug|Any CPU
		{7E761CE6-F32C-4407-A036-393C1640E180}.Debug|Any CPU.Build.0 = Debug|Any CPU
		{7E761CE6-F32C-4407-A036-393C1640E180}.Release|Any CPU.ActiveCfg = Release|Any CPU
		{7E761CE6-F32C-4407-A036-393C1640E180}.Release|Any CPU.Build.0 = Release|Any CPU
	EndGlobalSection
	GlobalSection(SolutionProperties) = preSolution
		HideSolutionNode = FALSE
	EndGlobalSection
	GlobalSection(ExtensibilityGlobals) = postSolution
		SolutionGuid = {EE5627F8-C848-4229-A745-F761A166653C}
	EndGlobalSection
EndGlobal
